
Microsoft Visual Studio Solution File, Format Version 12.00
# Visual Studio Version 17
VisualStudioVersion = 17.14.36414.22 d17.14
MinimumVisualStudioVersion = 10.0.40219.1
Project("{FAE04EC0-301F-11D3-BF4B-00C04F79EFBC}") = "SimpleStarter", "SimpleStarter.csproj", "{1978EC19-969F-4358-A370-7DAA2F63CC8F}"
EndProject
Global
	GlobalSection(SolutionConfigurationPlatforms) = preSolution
		Debug|Any CPU = Debug|Any CPU
		Release|Any CPU = Release|Any CPU
	EndGlobalSection
	GlobalSection(ProjectConfigurationPlatforms) = postSolution
		{1978EC19-969F-4358-A370-7DAA2F63CC8F}.Debug|Any CPU.ActiveCfg = Debug|Any CPU
		{1978EC19-969F-4358-A370-7DAA2F63CC8F}.Debug|Any CPU.Build.0 = Debug|Any CPU
		{1978EC19-969F-4358-A370-7DAA2F63CC8F}.Release|Any CPU.ActiveCfg = Release|Any CPU
		{1978EC19-969F-4358-A370-7DAA2F63CC8F}.Release|Any CPU.Build.0 = Release|Any CPU
	EndGlobalSection
	GlobalSection(SolutionProperties) = preSolution
		HideSolutionNode = FALSE
	EndGlobalSection
	GlobalSection(ExtensibilityGlobals) = postSolution
		SolutionGuid = {639C51DE-AF8E-4908-B69A-9A97404A80DA}
	EndGlobalSection
EndGlobal
